
Microsoft Visual Studio Solution File, Format Version 12.00
# Visual Studio Version 17
VisualStudioVersion = 17.9.34723.18
MinimumVisualStudioVersion = 10.0.40219.1
Project("{FAE04EC0-301F-11D3-BF4B-00C04F79EFBC}") = "Rendor.Visual", "Rendor.Visual\Rendor.Visual.csproj", "{78269FBD-A2AC-4146-BAF1-5427AB2FDD8B}"
EndProject
Global
	GlobalSection(SolutionConfigurationPlatforms) = preSolution
		Debug|Any CPU = Debug|Any CPU
		Release|Any CPU = Release|Any CPU
	EndGlobalSection
	GlobalSection(ProjectConfigurationPlatforms) = postSolution
		{78269FBD-A2AC-4146-BAF1-5427AB2FDD8B}.Debug|Any CPU.ActiveCfg = Debug|Any CPU
		{78269FBD-A2AC-4146-BAF1-5427AB2FDD8B}.Debug|Any CPU.Build.0 = Debug|Any CPU
		{78269FBD-A2AC-4146-BAF1-5427AB2FDD8B}.Release|Any CPU.ActiveCfg = Release|Any CPU
		{78269FBD-A2AC-4146-BAF1-5427AB2FDD8B}.Release|Any CPU.Build.0 = Release|Any CPU
	EndGlobalSection
	GlobalSection(SolutionProperties) = preSolution
		HideSolutionNode = FALSE
	EndGlobalSection
	GlobalSection(ExtensibilityGlobals) = postSolution
		SolutionGuid = {2D867EA6-8458-41C9-9C97-528B0C5C6A0C}
	EndGlobalSection
EndGlobal
